
Microsoft Visual Studio Solution File, Format Version 12.00
# Visual Studio Version 17
VisualStudioVersion = 17.14.36623.8 d17.14
MinimumVisualStudioVersion = 10.0.40219.1
Project("{FAE04EC0-301F-11D3-BF4B-00C04F79EFBC}") = "SmartTechShopManagement", "SmartTechShopManagement\SmartTechShopManagement.csproj", "{4ABE455D-CE58-4D75-8029-59A5DB97A769}"
EndProject
Global
	GlobalSection(SolutionConfigurationPlatforms) = preSolution
		Debug|Any CPU = Debug|Any CPU
		Release|Any CPU = Release|Any CPU
	EndGlobalSection
	GlobalSection(ProjectConfigurationPlatforms) = postSolution
		{4ABE455D-CE58-4D75-8029-59A5DB97A769}.Debug|Any CPU.ActiveCfg = Debug|Any CPU
		{4ABE455D-CE58-4D75-8029-59A5DB97A769}.Debug|Any CPU.Build.0 = Debug|Any CPU
		{4ABE455D-CE58-4D75-8029-59A5DB97A769}.Release|Any CPU.ActiveCfg = Release|Any CPU
		{4ABE455D-CE58-4D75-8029-59A5DB97A769}.Release|Any CPU.Build.0 = Release|Any CPU
	EndGlobalSection
	GlobalSection(SolutionProperties) = preSolution
		HideSolutionNode = FALSE
	EndGlobalSection
	GlobalSection(ExtensibilityGlobals) = postSolution
		SolutionGuid = {E1D85390-7EA2-40A2-81C9-B643F7737F4B}
	EndGlobalSection
EndGlobal
